
Microsoft Visual Studio Solution File, Format Version 12.00
# Visual Studio Version 17
VisualStudioVersion = 17.4.33103.184
MinimumVisualStudioVersion = 10.0.40219.1
Project("{9A19103F-16F7-4668-BE54-9A1E7A4F7556}") = "WebAPI_Libreria", "WebAPI_Libreria\WebAPI_Libreria.csproj", "{28BEB1BD-D79B-411E-91F0-29CF14CEBBF0}"
EndProject
Project("{9A19103F-16F7-4668-BE54-9A1E7A4F7556}") = "WebApi_Libros_ADO", "WebApi_Libros_ADO\WebApi_Libros_ADO.csproj", "{0E68E059-26FF-43E4-B0BC-E03DE040C976}"
EndProject
Project("{FAE04EC0-301F-11D3-BF4B-00C04F79EFBC}") = "ADO_MVC_NetFramework", "ADO_MVC_NetFramework\ADO_MVC_NetFramework.csproj", "{B6E5752A-E509-4BEC-B7B3-63D652CEB0A7}"
EndProject
Global
	GlobalSection(SolutionConfigurationPlatforms) = preSolution
		Debug|Any CPU = Debug|Any CPU
		Release|Any CPU = Release|Any CPU
	EndGlobalSection
	GlobalSection(ProjectConfigurationPlatforms) = postSolution
		{28BEB1BD-D79B-411E-91F0-29CF14CEBBF0}.Debug|Any CPU.ActiveCfg = Debug|Any CPU
		{28BEB1BD-D79B-411E-91F0-29CF14CEBBF0}.Debug|Any CPU.Build.0 = Debug|Any CPU
		{28BEB1BD-D79B-411E-91F0-29CF14CEBBF0}.Release|Any CPU.ActiveCfg = Release|Any CPU
		{28BEB1BD-D79B-411E-91F0-29CF14CEBBF0}.Release|Any CPU.Build.0 = Release|Any CPU
		{0E68E059-26FF-43E4-B0BC-E03DE040C976}.Debug|Any CPU.ActiveCfg = Debug|Any CPU
		{0E68E059-26FF-43E4-B0BC-E03DE040C976}.Debug|Any CPU.Build.0 = Debug|Any CPU
		{0E68E059-26FF-43E4-B0BC-E03DE040C976}.Release|Any CPU.ActiveCfg = Release|Any CPU
		{0E68E059-26FF-43E4-B0BC-E03DE040C976}.Release|Any CPU.Build.0 = Release|Any CPU
		{B6E5752A-E509-4BEC-B7B3-63D652CEB0A7}.Debug|Any CPU.ActiveCfg = Debug|Any CPU
		{B6E5752A-E509-4BEC-B7B3-63D652CEB0A7}.Debug|Any CPU.Build.0 = Debug|Any CPU
		{B6E5752A-E509-4BEC-B7B3-63D652CEB0A7}.Release|Any CPU.ActiveCfg = Release|Any CPU
		{B6E5752A-E509-4BEC-B7B3-63D652CEB0A7}.Release|Any CPU.Build.0 = Release|Any CPU
	EndGlobalSection
	GlobalSection(SolutionProperties) = preSolution
		HideSolutionNode = FALSE
	EndGlobalSection
	GlobalSection(ExtensibilityGlobals) = postSolution
		SolutionGuid = {2080FBAF-F22C-438F-A491-091032D01B49}
	EndGlobalSection
EndGlobal
